// !$*UTF8*$!
{
	archiveVersion = 1;
	classes = {
	};
	objectVersion = 51;
	objects = {

/* Begin PBXBuildFile section */
		2B0AD9975201F3B488C5D1E2 /* Pods_YProjet.framework in Frameworks */ = {isa = PBXBuildFile; fileRef = B9166D0CAE24FE1B8A749CC2 /* Pods_YProjet.framework */; };
		8D09E3F4264FCF0500B8C839 /* CustomButton.swift in Sources */ = {isa = PBXBuildFile; fileRef = 8D09E3F3264FCF0500B8C839 /* CustomButton.swift */; };
		8D225A6C263D50620050B329 /* AppCoordinator.swift in Sources */ = {isa = PBXBuildFile; fileRef = 8D225A6B263D50620050B329 /* AppCoordinator.swift */; };
		8D225A73263D50AF0050B329 /* CoordinableViewModel.swift in Sources */ = {isa = PBXBuildFile; fileRef = 8D225A70263D50AF0050B329 /* CoordinableViewModel.swift */; };
		8D225A74263D50AF0050B329 /* TransitionType.swift in Sources */ = {isa = PBXBuildFile; fileRef = 8D225A71263D50AF0050B329 /* TransitionType.swift */; };
		8D225A75263D50AF0050B329 /* Coordinator.swift in Sources */ = {isa = PBXBuildFile; fileRef = 8D225A72263D50AF0050B329 /* Coordinator.swift */; };
		8D225A7E263D51640050B329 /* MainTabBar.storyboard in Resources */ = {isa = PBXBuildFile; fileRef = 8D225A79263D51640050B329 /* MainTabBar.storyboard */; };
		8D225A7F263D51640050B329 /* TabBarCoordinator.swift in Sources */ = {isa = PBXBuildFile; fileRef = 8D225A7B263D51640050B329 /* TabBarCoordinator.swift */; };
		8D225A80263D51640050B329 /* MainTabBarViewController.swift in Sources */ = {isa = PBXBuildFile; fileRef = 8D225A7D263D51640050B329 /* MainTabBarViewController.swift */; };
		8D225A86263D52CA0050B329 /* StoryboardIdentifiable.swift in Sources */ = {isa = PBXBuildFile; fileRef = 8D225A85263D52CA0050B329 /* StoryboardIdentifiable.swift */; };
		8D225A8A263D544E0050B329 /* BaseNavigationController.swift in Sources */ = {isa = PBXBuildFile; fileRef = 8D225A89263D544E0050B329 /* BaseNavigationController.swift */; };
		8D225A8E263D54970050B329 /* ScrollableToTop.swift in Sources */ = {isa = PBXBuildFile; fileRef = 8D225A8D263D54970050B329 /* ScrollableToTop.swift */; };
		8D225A92263D551C0050B329 /* RefreshableTabProtocol.swift in Sources */ = {isa = PBXBuildFile; fileRef = 8D225A91263D551C0050B329 /* RefreshableTabProtocol.swift */; };
		8D225A96263D557F0050B329 /* CreateWalletCoordinator.swift in Sources */ = {isa = PBXBuildFile; fileRef = 8D225A95263D557F0050B329 /* CreateWalletCoordinator.swift */; };
		8D225A99263D558D0050B329 /* WelcomeCoordinator.swift in Sources */ = {isa = PBXBuildFile; fileRef = 8D225A98263D558D0050B329 /* WelcomeCoordinator.swift */; };
		8D225AB6263D57660050B329 /* HomeCoordinator.swift in Sources */ = {isa = PBXBuildFile; fileRef = 8D225AB5263D57660050B329 /* HomeCoordinator.swift */; };
		8D225ABB263D5A4C0050B329 /* UIStoryboard+extension.swift in Sources */ = {isa = PBXBuildFile; fileRef = 8D225ABA263D5A4C0050B329 /* UIStoryboard+extension.swift */; };
		8D225ABF263D5C730050B329 /* String+extension.swift in Sources */ = {isa = PBXBuildFile; fileRef = 8D225ABE263D5C730050B329 /* String+extension.swift */; };
		8D225AC2263D5CBF0050B329 /* UIImage+assets.swift in Sources */ = {isa = PBXBuildFile; fileRef = 8D225AC1263D5CBF0050B329 /* UIImage+assets.swift */; };
		8D225AC5263D5E960050B329 /* Scene.swift in Sources */ = {isa = PBXBuildFile; fileRef = 8D225AC4263D5E960050B329 /* Scene.swift */; };
		8D225AC8263D5F0B0050B329 /* HomeViewModel.swift in Sources */ = {isa = PBXBuildFile; fileRef = 8D225AC7263D5F0B0050B329 /* HomeViewModel.swift */; };
		8D225ACC263D5F460050B329 /* BaseViewModel.swift in Sources */ = {isa = PBXBuildFile; fileRef = 8D225ACB263D5F460050B329 /* BaseViewModel.swift */; };
		8D225AD0263D60370050B329 /* HomeViewController.swift in Sources */ = {isa = PBXBuildFile; fileRef = 8D225ACF263D60370050B329 /* HomeViewController.swift */; };
		8D225AD3263D60790050B329 /* BindableType.swift in Sources */ = {isa = PBXBuildFile; fileRef = 8D225AD2263D60790050B329 /* BindableType.swift */; };
		8D225AD6263D62D20050B329 /* BaseViewController.swift in Sources */ = {isa = PBXBuildFile; fileRef = 8D225AD5263D62D20050B329 /* BaseViewController.swift */; };
		8D225AD9263D635F0050B329 /* KeyboardMonitor.swift in Sources */ = {isa = PBXBuildFile; fileRef = 8D225AD8263D635F0050B329 /* KeyboardMonitor.swift */; };
		8D225ADC263D63F10050B329 /* HomeTableViewController.swift in Sources */ = {isa = PBXBuildFile; fileRef = 8D225ADB263D63F10050B329 /* HomeTableViewController.swift */; };
		8D225ADF263D642E0050B329 /* BaseTableViewController.swift in Sources */ = {isa = PBXBuildFile; fileRef = 8D225ADE263D642E0050B329 /* BaseTableViewController.swift */; };
		8D225AE2263D65210050B329 /* UINavigationController+extension.swift in Sources */ = {isa = PBXBuildFile; fileRef = 8D225AE1263D65210050B329 /* UINavigationController+extension.swift */; };
		8D225AE5263D67B00050B329 /* WelcomeViewModel.swift in Sources */ = {isa = PBXBuildFile; fileRef = 8D225AE4263D67B00050B329 /* WelcomeViewModel.swift */; };
		8D225AEC263D69230050B329 /* DataSourceState.swift in Sources */ = {isa = PBXBuildFile; fileRef = 8D225AEB263D69220050B329 /* DataSourceState.swift */; };
		8D225AEF263D69A20050B329 /* CustomTableViewSection.swift in Sources */ = {isa = PBXBuildFile; fileRef = 8D225AEE263D69A20050B329 /* CustomTableViewSection.swift */; };
		8D3DD3652651744F00C68655 /* Localizable.strings in Resources */ = {isa = PBXBuildFile; fileRef = 8D3DD3642651744F00C68655 /* Localizable.strings */; };
		8D3DD36A2651789300C68655 /* NavigationView.xib in Resources */ = {isa = PBXBuildFile; fileRef = 8D3DD3692651789300C68655 /* NavigationView.xib */; };
		8D3DD36D2651789F00C68655 /* NavigationView.swift in Sources */ = {isa = PBXBuildFile; fileRef = 8D3DD36C2651789F00C68655 /* NavigationView.swift */; };
		8D3DD37026517BCD00C68655 /* UIView+extension.swift in Sources */ = {isa = PBXBuildFile; fileRef = 8D3DD36F26517BCD00C68655 /* UIView+extension.swift */; };
		8D84B0DA2652FDCE009F461C /* ReusableCell.swift in Sources */ = {isa = PBXBuildFile; fileRef = 8D84B0D92652FDCE009F461C /* ReusableCell.swift */; };
		8D84B0DD265300B5009F461C /* SettingsChangeTableViewCell.swift in Sources */ = {isa = PBXBuildFile; fileRef = 8D84B0DC265300B5009F461C /* SettingsChangeTableViewCell.swift */; };
		8D84B0E026530229009F461C /* UITableView+extensions.swift in Sources */ = {isa = PBXBuildFile; fileRef = 8D84B0DF26530229009F461C /* UITableView+extensions.swift */; };
		8DBB2009264DA8D30083614F /* NewWalletCoordinator.swift in Sources */ = {isa = PBXBuildFile; fileRef = 8DBB2008264DA8D30083614F /* NewWalletCoordinator.swift */; };
		8DBB200D264DA96E0083614F /* NewWalletViewModel.swift in Sources */ = {isa = PBXBuildFile; fileRef = 8DBB200C264DA96E0083614F /* NewWalletViewModel.swift */; };
		8DD3C8E1264FEADB00BEA8B7 /* UIColor+StyleGuide.swift in Sources */ = {isa = PBXBuildFile; fileRef = 8DD3C8E0264FEADB00BEA8B7 /* UIColor+StyleGuide.swift */; };
		8DD3C8E4264FEB1900BEA8B7 /* Colors.xcassets in Resources */ = {isa = PBXBuildFile; fileRef = 8DD3C8E3264FEB1900BEA8B7 /* Colors.xcassets */; };
		8DD7CFCB2652E8E000A0D5C8 /* Settings.storyboard in Resources */ = {isa = PBXBuildFile; fileRef = 8DD7CFCA2652E8E000A0D5C8 /* Settings.storyboard */; };
		8DD7CFCE2652E91400A0D5C8 /* SettingsViewController.swift in Sources */ = {isa = PBXBuildFile; fileRef = 8DD7CFCD2652E91400A0D5C8 /* SettingsViewController.swift */; };
		8DD7CFD12652E98F00A0D5C8 /* SettingsViewModel.swift in Sources */ = {isa = PBXBuildFile; fileRef = 8DD7CFD02652E98F00A0D5C8 /* SettingsViewModel.swift */; };
		8DD7CFD42652EBC200A0D5C8 /* SettingsCoordinator.swift in Sources */ = {isa = PBXBuildFile; fileRef = 8DD7CFD32652EBC200A0D5C8 /* SettingsCoordinator.swift */; };
		8DFE767F263DCEB900EA8E24 /* CreateWalletTableViewCell.swift in Sources */ = {isa = PBXBuildFile; fileRef = 8DFE767E263DCEB900EA8E24 /* CreateWalletTableViewCell.swift */; };
		8DFE7683263DD4AA00EA8E24 /* CreateWalletViewModel.swift in Sources */ = {isa = PBXBuildFile; fileRef = 8DFE7682263DD4AA00EA8E24 /* CreateWalletViewModel.swift */; };
		EE11BFC3261DF3F7005E724D /* CreateWallet.storyboard in Resources */ = {isa = PBXBuildFile; fileRef = EE11BFC2261DF3F7005E724D /* CreateWallet.storyboard */; };
		EE11BFCA261E0382005E724D /* CreateWalletViewController.swift in Sources */ = {isa = PBXBuildFile; fileRef = EE11BFC9261E0382005E724D /* CreateWalletViewController.swift */; };
		EE11BFCD261E0599005E724D /* CollectPhraseViewController.swift in Sources */ = {isa = PBXBuildFile; fileRef = EE11BFCC261E0599005E724D /* CollectPhraseViewController.swift */; };
		EE11BFD0261E0C91005E724D /* ConfirmPhraseViewController.swift in Sources */ = {isa = PBXBuildFile; fileRef = EE11BFCF261E0C91005E724D /* ConfirmPhraseViewController.swift */; };
		EE11BFD3261E1486005E724D /* ImportWalletViewController.swift in Sources */ = {isa = PBXBuildFile; fileRef = EE11BFD2261E1486005E724D /* ImportWalletViewController.swift */; };
		EE11BFD7261E1755005E724D /* WatchWalletViewController.swift in Sources */ = {isa = PBXBuildFile; fileRef = EE11BFD6261E1755005E724D /* WatchWalletViewController.swift */; };
		EE241C61261C84C6002DF800 /* Aeonik-RegularItalic.otf in Resources */ = {isa = PBXBuildFile; fileRef = EE241C53261C84C6002DF800 /* Aeonik-RegularItalic.otf */; };
		EE241C62261C84C6002DF800 /* Aeonik-Bold.otf in Resources */ = {isa = PBXBuildFile; fileRef = EE241C54261C84C6002DF800 /* Aeonik-Bold.otf */; };
		EE241C63261C84C6002DF800 /* Aeonik-LightItalic.otf in Resources */ = {isa = PBXBuildFile; fileRef = EE241C55261C84C6002DF800 /* Aeonik-LightItalic.otf */; };
		EE241C64261C84C6002DF800 /* Aeonik-Thin.otf in Resources */ = {isa = PBXBuildFile; fileRef = EE241C56261C84C6002DF800 /* Aeonik-Thin.otf */; };
		EE241C65261C84C6002DF800 /* Aeonik-BlackItalic.otf in Resources */ = {isa = PBXBuildFile; fileRef = EE241C57261C84C6002DF800 /* Aeonik-BlackItalic.otf */; };
		EE241C66261C84C6002DF800 /* Aeonik-Air.otf in Resources */ = {isa = PBXBuildFile; fileRef = EE241C58261C84C6002DF800 /* Aeonik-Air.otf */; };
		EE241C67261C84C6002DF800 /* Aeonik-Light.otf in Resources */ = {isa = PBXBuildFile; fileRef = EE241C59261C84C6002DF800 /* Aeonik-Light.otf */; };
		EE241C68261C84C6002DF800 /* Aeonik-Medium.otf in Resources */ = {isa = PBXBuildFile; fileRef = EE241C5A261C84C6002DF800 /* Aeonik-Medium.otf */; };
		EE241C69261C84C6002DF800 /* Aeonik-AirItalic.otf in Resources */ = {isa = PBXBuildFile; fileRef = EE241C5B261C84C6002DF800 /* Aeonik-AirItalic.otf */; };
		EE241C6A261C84C6002DF800 /* Aeonik-Black.otf in Resources */ = {isa = PBXBuildFile; fileRef = EE241C5C261C84C6002DF800 /* Aeonik-Black.otf */; };
		EE241C6B261C84C6002DF800 /* Aeonik-Regular.otf in Resources */ = {isa = PBXBuildFile; fileRef = EE241C5D261C84C6002DF800 /* Aeonik-Regular.otf */; };
		EE241C6C261C84C6002DF800 /* Aeonik-BoldItalic.otf in Resources */ = {isa = PBXBuildFile; fileRef = EE241C5E261C84C6002DF800 /* Aeonik-BoldItalic.otf */; };
		EE241C6D261C84C6002DF800 /* Aeonik-ThinItalic.otf in Resources */ = {isa = PBXBuildFile; fileRef = EE241C5F261C84C6002DF800 /* Aeonik-ThinItalic.otf */; };
		EE241C6E261C84C6002DF800 /* Aeonik-MediumItalic.otf in Resources */ = {isa = PBXBuildFile; fileRef = EE241C60261C84C6002DF800 /* Aeonik-MediumItalic.otf */; };
		EE261E2D261C7BF700C43BA2 /* AppDelegate.swift in Sources */ = {isa = PBXBuildFile; fileRef = EE261E2C261C7BF700C43BA2 /* AppDelegate.swift */; };
		EE261E2F261C7BF700C43BA2 /* SceneDelegate.swift in Sources */ = {isa = PBXBuildFile; fileRef = EE261E2E261C7BF700C43BA2 /* SceneDelegate.swift */; };
		EE261E34261C7BF700C43BA2 /* Welcome.storyboard in Resources */ = {isa = PBXBuildFile; fileRef = EE261E32261C7BF700C43BA2 /* Welcome.storyboard */; };
		EE261E36261C7BF800C43BA2 /* Assets.xcassets in Resources */ = {isa = PBXBuildFile; fileRef = EE261E35261C7BF800C43BA2 /* Assets.xcassets */; };
		EE261E39261C7BF800C43BA2 /* LaunchScreen.storyboard in Resources */ = {isa = PBXBuildFile; fileRef = EE261E37261C7BF800C43BA2 /* LaunchScreen.storyboard */; };
		EE261E44261C811000C43BA2 /* WelcomeViewController.swift in Sources */ = {isa = PBXBuildFile; fileRef = EE261E43261C811000C43BA2 /* WelcomeViewController.swift */; };
/* End PBXBuildFile section */

/* Begin PBXFileReference section */
		8D09E3F3264FCF0500B8C839 /* CustomButton.swift */ = {isa = PBXFileReference; lastKnownFileType = sourcecode.swift; path = CustomButton.swift; sourceTree = "<group>"; };
		8D225A6B263D50620050B329 /* AppCoordinator.swift */ = {isa = PBXFileReference; lastKnownFileType = sourcecode.swift; path = AppCoordinator.swift; sourceTree = "<group>"; };
		8D225A70263D50AF0050B329 /* CoordinableViewModel.swift */ = {isa = PBXFileReference; fileEncoding = 4; lastKnownFileType = sourcecode.swift; path = CoordinableViewModel.swift; sourceTree = "<group>"; };
		8D225A71263D50AF0050B329 /* TransitionType.swift */ = {isa = PBXFileReference; fileEncoding = 4; lastKnownFileType = sourcecode.swift; path = TransitionType.swift; sourceTree = "<group>"; };
		8D225A72263D50AF0050B329 /* Coordinator.swift */ = {isa = PBXFileReference; fileEncoding = 4; lastKnownFileType = sourcecode.swift; path = Coordinator.swift; sourceTree = "<group>"; };
		8D225A79263D51640050B329 /* MainTabBar.storyboard */ = {isa = PBXFileReference; fileEncoding = 4; lastKnownFileType = file.storyboard; path = MainTabBar.storyboard; sourceTree = "<group>"; };
		8D225A7B263D51640050B329 /* TabBarCoordinator.swift */ = {isa = PBXFileReference; fileEncoding = 4; lastKnownFileType = sourcecode.swift; path = TabBarCoordinator.swift; sourceTree = "<group>"; };
		8D225A7D263D51640050B329 /* MainTabBarViewController.swift */ = {isa = PBXFileReference; fileEncoding = 4; lastKnownFileType = sourcecode.swift; path = MainTabBarViewController.swift; sourceTree = "<group>"; };
		8D225A85263D52CA0050B329 /* StoryboardIdentifiable.swift */ = {isa = PBXFileReference; lastKnownFileType = sourcecode.swift; path = StoryboardIdentifiable.swift; sourceTree = "<group>"; };
		8D225A89263D544E0050B329 /* BaseNavigationController.swift */ = {isa = PBXFileReference; lastKnownFileType = sourcecode.swift; path = BaseNavigationController.swift; sourceTree = "<group>"; };
		8D225A8D263D54970050B329 /* ScrollableToTop.swift */ = {isa = PBXFileReference; lastKnownFileType = sourcecode.swift; path = ScrollableToTop.swift; sourceTree = "<group>"; };
		8D225A91263D551C0050B329 /* RefreshableTabProtocol.swift */ = {isa = PBXFileReference; lastKnownFileType = sourcecode.swift; path = RefreshableTabProtocol.swift; sourceTree = "<group>"; };
		8D225A95263D557F0050B329 /* CreateWalletCoordinator.swift */ = {isa = PBXFileReference; lastKnownFileType = sourcecode.swift; path = CreateWalletCoordinator.swift; sourceTree = "<group>"; };
		8D225A98263D558D0050B329 /* WelcomeCoordinator.swift */ = {isa = PBXFileReference; lastKnownFileType = sourcecode.swift; path = WelcomeCoordinator.swift; sourceTree = "<group>"; };
		8D225AB5263D57660050B329 /* HomeCoordinator.swift */ = {isa = PBXFileReference; lastKnownFileType = sourcecode.swift; path = HomeCoordinator.swift; sourceTree = "<group>"; };
		8D225ABA263D5A4C0050B329 /* UIStoryboard+extension.swift */ = {isa = PBXFileReference; lastKnownFileType = sourcecode.swift; path = "UIStoryboard+extension.swift"; sourceTree = "<group>"; };
		8D225ABE263D5C730050B329 /* String+extension.swift */ = {isa = PBXFileReference; lastKnownFileType = sourcecode.swift; path = "String+extension.swift"; sourceTree = "<group>"; };
		8D225AC1263D5CBF0050B329 /* UIImage+assets.swift */ = {isa = PBXFileReference; lastKnownFileType = sourcecode.swift; path = "UIImage+assets.swift"; sourceTree = "<group>"; };
		8D225AC4263D5E960050B329 /* Scene.swift */ = {isa = PBXFileReference; lastKnownFileType = sourcecode.swift; path = Scene.swift; sourceTree = "<group>"; };
		8D225AC7263D5F0B0050B329 /* HomeViewModel.swift */ = {isa = PBXFileReference; lastKnownFileType = sourcecode.swift; path = HomeViewModel.swift; sourceTree = "<group>"; };
		8D225ACB263D5F460050B329 /* BaseViewModel.swift */ = {isa = PBXFileReference; lastKnownFileType = sourcecode.swift; path = BaseViewModel.swift; sourceTree = "<group>"; };
		8D225ACF263D60370050B329 /* HomeViewController.swift */ = {isa = PBXFileReference; lastKnownFileType = sourcecode.swift; path = HomeViewController.swift; sourceTree = "<group>"; };
		8D225AD2263D60790050B329 /* BindableType.swift */ = {isa = PBXFileReference; lastKnownFileType = sourcecode.swift; path = BindableType.swift; sourceTree = "<group>"; };
		8D225AD5263D62D20050B329 /* BaseViewController.swift */ = {isa = PBXFileReference; lastKnownFileType = sourcecode.swift; path = BaseViewController.swift; sourceTree = "<group>"; };
		8D225AD8263D635F0050B329 /* KeyboardMonitor.swift */ = {isa = PBXFileReference; lastKnownFileType = sourcecode.swift; path = KeyboardMonitor.swift; sourceTree = "<group>"; };
		8D225ADB263D63F10050B329 /* HomeTableViewController.swift */ = {isa = PBXFileReference; lastKnownFileType = sourcecode.swift; path = HomeTableViewController.swift; sourceTree = "<group>"; };
		8D225ADE263D642E0050B329 /* BaseTableViewController.swift */ = {isa = PBXFileReference; lastKnownFileType = sourcecode.swift; path = BaseTableViewController.swift; sourceTree = "<group>"; };
		8D225AE1263D65210050B329 /* UINavigationController+extension.swift */ = {isa = PBXFileReference; lastKnownFileType = sourcecode.swift; path = "UINavigationController+extension.swift"; sourceTree = "<group>"; };
		8D225AE4263D67B00050B329 /* WelcomeViewModel.swift */ = {isa = PBXFileReference; lastKnownFileType = sourcecode.swift; path = WelcomeViewModel.swift; sourceTree = "<group>"; };
		8D225AEB263D69220050B329 /* DataSourceState.swift */ = {isa = PBXFileReference; lastKnownFileType = sourcecode.swift; path = DataSourceState.swift; sourceTree = "<group>"; };
		8D225AEE263D69A20050B329 /* CustomTableViewSection.swift */ = {isa = PBXFileReference; lastKnownFileType = sourcecode.swift; path = CustomTableViewSection.swift; sourceTree = "<group>"; };
		8D3DD3642651744F00C68655 /* Localizable.strings */ = {isa = PBXFileReference; lastKnownFileType = text.plist.strings; path = Localizable.strings; sourceTree = "<group>"; };
		8D3DD3692651789300C68655 /* NavigationView.xib */ = {isa = PBXFileReference; lastKnownFileType = file.xib; path = NavigationView.xib; sourceTree = "<group>"; };
		8D3DD36C2651789F00C68655 /* NavigationView.swift */ = {isa = PBXFileReference; lastKnownFileType = sourcecode.swift; path = NavigationView.swift; sourceTree = "<group>"; };
		8D3DD36F26517BCD00C68655 /* UIView+extension.swift */ = {isa = PBXFileReference; lastKnownFileType = sourcecode.swift; path = "UIView+extension.swift"; sourceTree = "<group>"; };
		8D84B0D92652FDCE009F461C /* ReusableCell.swift */ = {isa = PBXFileReference; lastKnownFileType = sourcecode.swift; path = ReusableCell.swift; sourceTree = "<group>"; };
		8D84B0DC265300B5009F461C /* SettingsChangeTableViewCell.swift */ = {isa = PBXFileReference; lastKnownFileType = sourcecode.swift; path = SettingsChangeTableViewCell.swift; sourceTree = "<group>"; };
		8D84B0DF26530229009F461C /* UITableView+extensions.swift */ = {isa = PBXFileReference; lastKnownFileType = sourcecode.swift; path = "UITableView+extensions.swift"; sourceTree = "<group>"; };
		8DBB2008264DA8D30083614F /* NewWalletCoordinator.swift */ = {isa = PBXFileReference; lastKnownFileType = sourcecode.swift; path = NewWalletCoordinator.swift; sourceTree = "<group>"; };
		8DBB200C264DA96E0083614F /* NewWalletViewModel.swift */ = {isa = PBXFileReference; lastKnownFileType = sourcecode.swift; path = NewWalletViewModel.swift; sourceTree = "<group>"; };
		8DD3C8E0264FEADB00BEA8B7 /* UIColor+StyleGuide.swift */ = {isa = PBXFileReference; lastKnownFileType = sourcecode.swift; path = "UIColor+StyleGuide.swift"; sourceTree = "<group>"; };
		8DD3C8E3264FEB1900BEA8B7 /* Colors.xcassets */ = {isa = PBXFileReference; lastKnownFileType = folder.assetcatalog; path = Colors.xcassets; sourceTree = "<group>"; };
		8DD7CFCA2652E8E000A0D5C8 /* Settings.storyboard */ = {isa = PBXFileReference; lastKnownFileType = file.storyboard; path = Settings.storyboard; sourceTree = "<group>"; };
		8DD7CFCD2652E91400A0D5C8 /* SettingsViewController.swift */ = {isa = PBXFileReference; lastKnownFileType = sourcecode.swift; path = SettingsViewController.swift; sourceTree = "<group>"; };
		8DD7CFD02652E98F00A0D5C8 /* SettingsViewModel.swift */ = {isa = PBXFileReference; lastKnownFileType = sourcecode.swift; path = SettingsViewModel.swift; sourceTree = "<group>"; };
		8DD7CFD32652EBC200A0D5C8 /* SettingsCoordinator.swift */ = {isa = PBXFileReference; lastKnownFileType = sourcecode.swift; path = SettingsCoordinator.swift; sourceTree = "<group>"; };
		8DFE767E263DCEB900EA8E24 /* CreateWalletTableViewCell.swift */ = {isa = PBXFileReference; lastKnownFileType = sourcecode.swift; path = CreateWalletTableViewCell.swift; sourceTree = "<group>"; };
		8DFE7682263DD4AA00EA8E24 /* CreateWalletViewModel.swift */ = {isa = PBXFileReference; lastKnownFileType = sourcecode.swift; path = CreateWalletViewModel.swift; sourceTree = "<group>"; };
		B9166D0CAE24FE1B8A749CC2 /* Pods_YProjet.framework */ = {isa = PBXFileReference; explicitFileType = wrapper.framework; includeInIndex = 0; path = Pods_YProjet.framework; sourceTree = BUILT_PRODUCTS_DIR; };
		E58EF2BD14C9494175075C59 /* Pods-YProjet.debug.xcconfig */ = {isa = PBXFileReference; includeInIndex = 1; lastKnownFileType = text.xcconfig; name = "Pods-YProjet.debug.xcconfig"; path = "Target Support Files/Pods-YProjet/Pods-YProjet.debug.xcconfig"; sourceTree = "<group>"; };
		EBDED3B427782413690F9437 /* Pods-YProjet.release.xcconfig */ = {isa = PBXFileReference; includeInIndex = 1; lastKnownFileType = text.xcconfig; name = "Pods-YProjet.release.xcconfig"; path = "Target Support Files/Pods-YProjet/Pods-YProjet.release.xcconfig"; sourceTree = "<group>"; };
		EE11BFC2261DF3F7005E724D /* CreateWallet.storyboard */ = {isa = PBXFileReference; lastKnownFileType = file.storyboard; path = CreateWallet.storyboard; sourceTree = "<group>"; };
		EE11BFC9261E0382005E724D /* CreateWalletViewController.swift */ = {isa = PBXFileReference; lastKnownFileType = sourcecode.swift; path = CreateWalletViewController.swift; sourceTree = "<group>"; };
		EE11BFCC261E0599005E724D /* CollectPhraseViewController.swift */ = {isa = PBXFileReference; lastKnownFileType = sourcecode.swift; path = CollectPhraseViewController.swift; sourceTree = "<group>"; };
		EE11BFCF261E0C91005E724D /* ConfirmPhraseViewController.swift */ = {isa = PBXFileReference; lastKnownFileType = sourcecode.swift; path = ConfirmPhraseViewController.swift; sourceTree = "<group>"; };
		EE11BFD2261E1486005E724D /* ImportWalletViewController.swift */ = {isa = PBXFileReference; lastKnownFileType = sourcecode.swift; path = ImportWalletViewController.swift; sourceTree = "<group>"; };
		EE11BFD6261E1755005E724D /* WatchWalletViewController.swift */ = {isa = PBXFileReference; lastKnownFileType = sourcecode.swift; path = WatchWalletViewController.swift; sourceTree = "<group>"; };
		EE241C53261C84C6002DF800 /* Aeonik-RegularItalic.otf */ = {isa = PBXFileReference; lastKnownFileType = file; path = "Aeonik-RegularItalic.otf"; sourceTree = "<group>"; };
		EE241C54261C84C6002DF800 /* Aeonik-Bold.otf */ = {isa = PBXFileReference; lastKnownFileType = file; path = "Aeonik-Bold.otf"; sourceTree = "<group>"; };
		EE241C55261C84C6002DF800 /* Aeonik-LightItalic.otf */ = {isa = PBXFileReference; lastKnownFileType = file; path = "Aeonik-LightItalic.otf"; sourceTree = "<group>"; };
		EE241C56261C84C6002DF800 /* Aeonik-Thin.otf */ = {isa = PBXFileReference; lastKnownFileType = file; path = "Aeonik-Thin.otf"; sourceTree = "<group>"; };
		EE241C57261C84C6002DF800 /* Aeonik-BlackItalic.otf */ = {isa = PBXFileReference; lastKnownFileType = file; path = "Aeonik-BlackItalic.otf"; sourceTree = "<group>"; };
		EE241C58261C84C6002DF800 /* Aeonik-Air.otf */ = {isa = PBXFileReference; lastKnownFileType = file; path = "Aeonik-Air.otf"; sourceTree = "<group>"; };
		EE241C59261C84C6002DF800 /* Aeonik-Light.otf */ = {isa = PBXFileReference; lastKnownFileType = file; path = "Aeonik-Light.otf"; sourceTree = "<group>"; };
		EE241C5A261C84C6002DF800 /* Aeonik-Medium.otf */ = {isa = PBXFileReference; lastKnownFileType = file; path = "Aeonik-Medium.otf"; sourceTree = "<group>"; };
		EE241C5B261C84C6002DF800 /* Aeonik-AirItalic.otf */ = {isa = PBXFileReference; lastKnownFileType = file; path = "Aeonik-AirItalic.otf"; sourceTree = "<group>"; };
		EE241C5C261C84C6002DF800 /* Aeonik-Black.otf */ = {isa = PBXFileReference; lastKnownFileType = file; path = "Aeonik-Black.otf"; sourceTree = "<group>"; };
		EE241C5D261C84C6002DF800 /* Aeonik-Regular.otf */ = {isa = PBXFileReference; lastKnownFileType = file; path = "Aeonik-Regular.otf"; sourceTree = "<group>"; };
		EE241C5E261C84C6002DF800 /* Aeonik-BoldItalic.otf */ = {isa = PBXFileReference; lastKnownFileType = file; path = "Aeonik-BoldItalic.otf"; sourceTree = "<group>"; };
		EE241C5F261C84C6002DF800 /* Aeonik-ThinItalic.otf */ = {isa = PBXFileReference; lastKnownFileType = file; path = "Aeonik-ThinItalic.otf"; sourceTree = "<group>"; };
		EE241C60261C84C6002DF800 /* Aeonik-MediumItalic.otf */ = {isa = PBXFileReference; lastKnownFileType = file; path = "Aeonik-MediumItalic.otf"; sourceTree = "<group>"; };
		EE261E29261C7BF700C43BA2 /* YProjet.app */ = {isa = PBXFileReference; explicitFileType = wrapper.application; includeInIndex = 0; path = YProjet.app; sourceTree = BUILT_PRODUCTS_DIR; };
		EE261E2C261C7BF700C43BA2 /* AppDelegate.swift */ = {isa = PBXFileReference; lastKnownFileType = sourcecode.swift; path = AppDelegate.swift; sourceTree = "<group>"; };
		EE261E2E261C7BF700C43BA2 /* SceneDelegate.swift */ = {isa = PBXFileReference; lastKnownFileType = sourcecode.swift; path = SceneDelegate.swift; sourceTree = "<group>"; };
		EE261E33261C7BF700C43BA2 /* Base */ = {isa = PBXFileReference; lastKnownFileType = file.storyboard; name = Base; path = Base.lproj/Welcome.storyboard; sourceTree = "<group>"; };
		EE261E35261C7BF800C43BA2 /* Assets.xcassets */ = {isa = PBXFileReference; lastKnownFileType = folder.assetcatalog; path = Assets.xcassets; sourceTree = "<group>"; };
		EE261E38261C7BF800C43BA2 /* Base */ = {isa = PBXFileReference; lastKnownFileType = file.storyboard; name = Base; path = Base.lproj/LaunchScreen.storyboard; sourceTree = "<group>"; };
		EE261E3A261C7BF800C43BA2 /* Info.plist */ = {isa = PBXFileReference; lastKnownFileType = text.plist.xml; path = Info.plist; sourceTree = "<group>"; };
		EE261E43261C811000C43BA2 /* WelcomeViewController.swift */ = {isa = PBXFileReference; lastKnownFileType = sourcecode.swift; path = WelcomeViewController.swift; sourceTree = "<group>"; };
/* End PBXFileReference section */

/* Begin PBXFrameworksBuildPhase section */
		EE261E26261C7BF700C43BA2 /* Frameworks */ = {
			isa = PBXFrameworksBuildPhase;
			buildActionMask = 2147483647;
			files = (
				2B0AD9975201F3B488C5D1E2 /* Pods_YProjet.framework in Frameworks */,
			);
			runOnlyForDeploymentPostprocessing = 0;
		};
/* End PBXFrameworksBuildPhase section */

/* Begin PBXGroup section */
		259C8EA73E7FEF689179E9F6 /* Pods */ = {
			isa = PBXGroup;
			children = (
				E58EF2BD14C9494175075C59 /* Pods-YProjet.debug.xcconfig */,
				EBDED3B427782413690F9437 /* Pods-YProjet.release.xcconfig */,
			);
			path = Pods;
			sourceTree = "<group>";
		};
		7973E856A284EE6040F62BC6 /* Frameworks */ = {
			isa = PBXGroup;
			children = (
				B9166D0CAE24FE1B8A749CC2 /* Pods_YProjet.framework */,
			);
			name = Frameworks;
			sourceTree = "<group>";
		};
		8D225A41263D4A4C0050B329 /* Flows */ = {
			isa = PBXGroup;
			children = (
				8D225A42263D4A510050B329 /* Welcome */,
				8D225A43263D4A7F0050B329 /* Create wallet */,
				8DD7CFC52652E8A300A0D5C8 /* Settings */,
				8D225AA0263D565E0050B329 /* TabBarItems */,
				8D225A60263D4E070050B329 /* Base */,
			);
			path = Flows;
			sourceTree = "<group>";
		};
		8D225A42263D4A510050B329 /* Welcome */ = {
			isa = PBXGroup;
			children = (
				8D225A5A263D4D0F0050B329 /* Coordinators */,
				8DBB2000264DA7BE0083614F /* Models */,
				8D225A59263D4D0F0050B329 /* ViewControllers */,
				8D225A57263D4D0F0050B329 /* ViewModels */,
				8D225A56263D4D0F0050B329 /* Views */,
			);
			path = Welcome;
			sourceTree = "<group>";
		};
		8D225A43263D4A7F0050B329 /* Create wallet */ = {
			isa = PBXGroup;
			children = (
				8D225A5F263D4D340050B329 /* Coordinators */,
				8DBB2001264DA7C80083614F /* Models */,
				8D225A5D263D4D340050B329 /* ViewControllers */,
				8D225A5B263D4D340050B329 /* ViewModels */,
				8D225A5C263D4D340050B329 /* Views */,
			);
			path = "Create wallet";
			sourceTree = "<group>";
		};
		8D225A56263D4D0F0050B329 /* Views */ = {
			isa = PBXGroup;
			children = (
				EE261E32261C7BF700C43BA2 /* Welcome.storyboard */,
				8DFE767E263DCEB900EA8E24 /* CreateWalletTableViewCell.swift */,
			);
			path = Views;
			sourceTree = "<group>";
		};
		8D225A57263D4D0F0050B329 /* ViewModels */ = {
			isa = PBXGroup;
			children = (
				8D225AE4263D67B00050B329 /* WelcomeViewModel.swift */,
			);
			path = ViewModels;
			sourceTree = "<group>";
		};
		8D225A59263D4D0F0050B329 /* ViewControllers */ = {
			isa = PBXGroup;
			children = (
				EE261E43261C811000C43BA2 /* WelcomeViewController.swift */,
			);
			path = ViewControllers;
			sourceTree = "<group>";
		};
		8D225A5A263D4D0F0050B329 /* Coordinators */ = {
			isa = PBXGroup;
			children = (
				8D225A98263D558D0050B329 /* WelcomeCoordinator.swift */,
			);
			path = Coordinators;
			sourceTree = "<group>";
		};
		8D225A5B263D4D340050B329 /* ViewModels */ = {
			isa = PBXGroup;
			children = (
				8DFE7682263DD4AA00EA8E24 /* CreateWalletViewModel.swift */,
				8DBB200C264DA96E0083614F /* NewWalletViewModel.swift */,
			);
			path = ViewModels;
			sourceTree = "<group>";
		};
		8D225A5C263D4D340050B329 /* Views */ = {
			isa = PBXGroup;
			children = (
				EE11BFC2261DF3F7005E724D /* CreateWallet.storyboard */,
			);
			path = Views;
			sourceTree = "<group>";
		};
		8D225A5D263D4D340050B329 /* ViewControllers */ = {
			isa = PBXGroup;
			children = (
				EE11BFC9261E0382005E724D /* CreateWalletViewController.swift */,
				EE11BFCC261E0599005E724D /* CollectPhraseViewController.swift */,
				EE11BFCF261E0C91005E724D /* ConfirmPhraseViewController.swift */,
				EE11BFD2261E1486005E724D /* ImportWalletViewController.swift */,
				EE11BFD6261E1755005E724D /* WatchWalletViewController.swift */,
			);
			path = ViewControllers;
			sourceTree = "<group>";
		};
		8D225A5F263D4D340050B329 /* Coordinators */ = {
			isa = PBXGroup;
			children = (
				8D225A95263D557F0050B329 /* CreateWalletCoordinator.swift */,
				8DBB2008264DA8D30083614F /* NewWalletCoordinator.swift */,
			);
			path = Coordinators;
			sourceTree = "<group>";
		};
		8D225A60263D4E070050B329 /* Base */ = {
			isa = PBXGroup;
			children = (
				8D225A61263D4E140050B329 /* Coordinator */,
				8D225ACA263D5F330050B329 /* ViewModel */,
				8D225A88263D54350050B329 /* ViewControllers */,
			);
			path = Base;
			sourceTree = "<group>";
		};
		8D225A61263D4E140050B329 /* Coordinator */ = {
			isa = PBXGroup;
			children = (
				8D225A6B263D50620050B329 /* AppCoordinator.swift */,
			);
			path = Coordinator;
			sourceTree = "<group>";
		};
		8D225A6E263D509E0050B329 /* Util */ = {
			isa = PBXGroup;
			children = (
				8D225A6F263D50AF0050B329 /* Coordinator */,
				8D225A90263D54E60050B329 /* Protocols */,
				8D225AC4263D5E960050B329 /* Scene.swift */,
				8D225AD8263D635F0050B329 /* KeyboardMonitor.swift */,
				8D225AEB263D69220050B329 /* DataSourceState.swift */,
				8D225AEE263D69A20050B329 /* CustomTableViewSection.swift */,
				8D84B0D92652FDCE009F461C /* ReusableCell.swift */,
			);
			path = Util;
			sourceTree = "<group>";
		};
		8D225A6F263D50AF0050B329 /* Coordinator */ = {
			isa = PBXGroup;
			children = (
				8D225A70263D50AF0050B329 /* CoordinableViewModel.swift */,
				8D225A71263D50AF0050B329 /* TransitionType.swift */,
				8D225A72263D50AF0050B329 /* Coordinator.swift */,
			);
			path = Coordinator;
			sourceTree = "<group>";
		};
		8D225A77263D51470050B329 /* MainTabBar */ = {
			isa = PBXGroup;
			children = (
				8D225A7A263D51640050B329 /* Coordinators */,
				8D225A7C263D51640050B329 /* ViewControllers */,
				8D225A78263D51640050B329 /* Views */,
			);
			path = MainTabBar;
			sourceTree = "<group>";
		};
		8D225A78263D51640050B329 /* Views */ = {
			isa = PBXGroup;
			children = (
				8D225A79263D51640050B329 /* MainTabBar.storyboard */,
			);
			path = Views;
			sourceTree = "<group>";
		};
		8D225A7A263D51640050B329 /* Coordinators */ = {
			isa = PBXGroup;
			children = (
				8D225A7B263D51640050B329 /* TabBarCoordinator.swift */,
			);
			path = Coordinators;
			sourceTree = "<group>";
		};
		8D225A7C263D51640050B329 /* ViewControllers */ = {
			isa = PBXGroup;
			children = (
				8D225A7D263D51640050B329 /* MainTabBarViewController.swift */,
			);
			path = ViewControllers;
			sourceTree = "<group>";
		};
		8D225A88263D54350050B329 /* ViewControllers */ = {
			isa = PBXGroup;
			children = (
				8D225A89263D544E0050B329 /* BaseNavigationController.swift */,
				8D225AD5263D62D20050B329 /* BaseViewController.swift */,
				8D225ADE263D642E0050B329 /* BaseTableViewController.swift */,
			);
			path = ViewControllers;
			sourceTree = "<group>";
		};
		8D225A90263D54E60050B329 /* Protocols */ = {
			isa = PBXGroup;
			children = (
				8D225A85263D52CA0050B329 /* StoryboardIdentifiable.swift */,
				8D225A8D263D54970050B329 /* ScrollableToTop.swift */,
				8D225A91263D551C0050B329 /* RefreshableTabProtocol.swift */,
				8D225AD2263D60790050B329 /* BindableType.swift */,
			);
			path = Protocols;
			sourceTree = "<group>";
		};
		8D225A9C263D56300050B329 /* Home */ = {
			isa = PBXGroup;
			children = (
				8D225AA8263D56FD0050B329 /* Coordinators */,
				8D225AA6263D56FD0050B329 /* ViewControllers */,
				8D225AA7263D56FD0050B329 /* ViewModels */,
				8DBB2004264DA8200083614F /* Views */,
			);
			path = Home;
			sourceTree = "<group>";
		};
		8D225AA0263D565E0050B329 /* TabBarItems */ = {
			isa = PBXGroup;
			children = (
				8D225A77263D51470050B329 /* MainTabBar */,
				8D225A9C263D56300050B329 /* Home */,
				8DBB2005264DA8350083614F /* Swap */,
				8DBB2006264DA83B0083614F /* Staking */,
				8DBB2007264DA8400083614F /* Gov */,
			);
			path = TabBarItems;
			sourceTree = "<group>";
		};
		8D225AA6263D56FD0050B329 /* ViewControllers */ = {
			isa = PBXGroup;
			children = (
				8D225ACF263D60370050B329 /* HomeViewController.swift */,
				8D225ADB263D63F10050B329 /* HomeTableViewController.swift */,
			);
			path = ViewControllers;
			sourceTree = "<group>";
		};
		8D225AA7263D56FD0050B329 /* ViewModels */ = {
			isa = PBXGroup;
			children = (
				8D225AC7263D5F0B0050B329 /* HomeViewModel.swift */,
			);
			path = ViewModels;
			sourceTree = "<group>";
		};
		8D225AA8263D56FD0050B329 /* Coordinators */ = {
			isa = PBXGroup;
			children = (
				8D225AB5263D57660050B329 /* HomeCoordinator.swift */,
			);
			path = Coordinators;
			sourceTree = "<group>";
		};
		8D225AB9263D5A290050B329 /* Extensions */ = {
			isa = PBXGroup;
			children = (
				8D225ABA263D5A4C0050B329 /* UIStoryboard+extension.swift */,
				8D225ABE263D5C730050B329 /* String+extension.swift */,
				8D225AC1263D5CBF0050B329 /* UIImage+assets.swift */,
				8D225AE1263D65210050B329 /* UINavigationController+extension.swift */,
				8DD3C8E0264FEADB00BEA8B7 /* UIColor+StyleGuide.swift */,
				8D3DD36F26517BCD00C68655 /* UIView+extension.swift */,
				8D84B0DF26530229009F461C /* UITableView+extensions.swift */,
			);
			path = Extensions;
			sourceTree = "<group>";
		};
		8D225ACA263D5F330050B329 /* ViewModel */ = {
			isa = PBXGroup;
			children = (
				8D225ACB263D5F460050B329 /* BaseViewModel.swift */,
			);
			path = ViewModel;
			sourceTree = "<group>";
		};
		8D3DD3682651784000C68655 /* Navigation Views */ = {
			isa = PBXGroup;
			children = (
				8D3DD3692651789300C68655 /* NavigationView.xib */,
				8D3DD36C2651789F00C68655 /* NavigationView.swift */,
			);
			path = "Navigation Views";
			sourceTree = "<group>";
		};
		8D7967C0263E143000C5C341 /* Resources */ = {
			isa = PBXGroup;
			children = (
				EE241C52261C84C6002DF800 /* Aeonik-font */,
				EE261E35261C7BF800C43BA2 /* Assets.xcassets */,
				8DD3C8E3264FEB1900BEA8B7 /* Colors.xcassets */,
				8D3DD3642651744F00C68655 /* Localizable.strings */,
			);
			path = Resources;
			sourceTree = "<group>";
		};
		8DBB1FF9264DA7780083614F /* UIComponents */ = {
			isa = PBXGroup;
			children = (
				8D09E3F3264FCF0500B8C839 /* CustomButton.swift */,
				8D3DD3682651784000C68655 /* Navigation Views */,
			);
			path = UIComponents;
			sourceTree = "<group>";
		};
		8DBB2000264DA7BE0083614F /* Models */ = {
			isa = PBXGroup;
			children = (
			);
			path = Models;
			sourceTree = "<group>";
		};
		8DBB2001264DA7C80083614F /* Models */ = {
			isa = PBXGroup;
			children = (
			);
			path = Models;
			sourceTree = "<group>";
		};
		8DBB2004264DA8200083614F /* Views */ = {
			isa = PBXGroup;
			children = (
			);
			path = Views;
			sourceTree = "<group>";
		};
		8DBB2005264DA8350083614F /* Swap */ = {
			isa = PBXGroup;
			children = (
			);
			path = Swap;
			sourceTree = "<group>";
		};
		8DBB2006264DA83B0083614F /* Staking */ = {
			isa = PBXGroup;
			children = (
			);
			path = Staking;
			sourceTree = "<group>";
		};
		8DBB2007264DA8400083614F /* Gov */ = {
			isa = PBXGroup;
			children = (
			);
			path = Gov;
			sourceTree = "<group>";
		};
		8DD7CFC52652E8A300A0D5C8 /* Settings */ = {
			isa = PBXGroup;
			children = (
				8DD7CFC92652E8C900A0D5C8 /* Coordinators */,
				8DD7CFC82652E8C200A0D5C8 /* ViewControllers */,
				8DD7CFC72652E8B900A0D5C8 /* ViewModels */,
				8DD7CFC62652E8AE00A0D5C8 /* Views */,
			);
			path = Settings;
			sourceTree = "<group>";
		};
		8DD7CFC62652E8AE00A0D5C8 /* Views */ = {
			isa = PBXGroup;
			children = (
				8DD7CFCA2652E8E000A0D5C8 /* Settings.storyboard */,
				8D84B0DC265300B5009F461C /* SettingsChangeTableViewCell.swift */,
			);
			path = Views;
			sourceTree = "<group>";
		};
		8DD7CFC72652E8B900A0D5C8 /* ViewModels */ = {
			isa = PBXGroup;
			children = (
				8DD7CFD02652E98F00A0D5C8 /* SettingsViewModel.swift */,
			);
			path = ViewModels;
			sourceTree = "<group>";
		};
		8DD7CFC82652E8C200A0D5C8 /* ViewControllers */ = {
			isa = PBXGroup;
			children = (
				8DD7CFCD2652E91400A0D5C8 /* SettingsViewController.swift */,
			);
			path = ViewControllers;
			sourceTree = "<group>";
		};
		8DD7CFC92652E8C900A0D5C8 /* Coordinators */ = {
			isa = PBXGroup;
			children = (
				8DD7CFD32652EBC200A0D5C8 /* SettingsCoordinator.swift */,
			);
			path = Coordinators;
			sourceTree = "<group>";
		};
		EE241C52261C84C6002DF800 /* Aeonik-font */ = {
			isa = PBXGroup;
			children = (
				EE241C53261C84C6002DF800 /* Aeonik-RegularItalic.otf */,
				EE241C54261C84C6002DF800 /* Aeonik-Bold.otf */,
				EE241C55261C84C6002DF800 /* Aeonik-LightItalic.otf */,
				EE241C56261C84C6002DF800 /* Aeonik-Thin.otf */,
				EE241C57261C84C6002DF800 /* Aeonik-BlackItalic.otf */,
				EE241C58261C84C6002DF800 /* Aeonik-Air.otf */,
				EE241C59261C84C6002DF800 /* Aeonik-Light.otf */,
				EE241C5A261C84C6002DF800 /* Aeonik-Medium.otf */,
				EE241C5B261C84C6002DF800 /* Aeonik-AirItalic.otf */,
				EE241C5C261C84C6002DF800 /* Aeonik-Black.otf */,
				EE241C5D261C84C6002DF800 /* Aeonik-Regular.otf */,
				EE241C5E261C84C6002DF800 /* Aeonik-BoldItalic.otf */,
				EE241C5F261C84C6002DF800 /* Aeonik-ThinItalic.otf */,
				EE241C60261C84C6002DF800 /* Aeonik-MediumItalic.otf */,
			);
			path = "Aeonik-font";
			sourceTree = "<group>";
		};
		EE261E20261C7BF700C43BA2 = {
			isa = PBXGroup;
			children = (
				EE261E2B261C7BF700C43BA2 /* YProjet */,
				EE261E2A261C7BF700C43BA2 /* Products */,
				259C8EA73E7FEF689179E9F6 /* Pods */,
				7973E856A284EE6040F62BC6 /* Frameworks */,
			);
			sourceTree = "<group>";
		};
		EE261E2A261C7BF700C43BA2 /* Products */ = {
			isa = PBXGroup;
			children = (
				EE261E29261C7BF700C43BA2 /* YProjet.app */,
			);
			name = Products;
			sourceTree = "<group>";
		};
		EE261E2B261C7BF700C43BA2 /* YProjet */ = {
			isa = PBXGroup;
			children = (
				8DBB1FF9264DA7780083614F /* UIComponents */,
				8D225A41263D4A4C0050B329 /* Flows */,
				8D225A6E263D509E0050B329 /* Util */,
				8D225AB9263D5A290050B329 /* Extensions */,
				8D7967C0263E143000C5C341 /* Resources */,
				EE261E2C261C7BF700C43BA2 /* AppDelegate.swift */,
				EE261E2E261C7BF700C43BA2 /* SceneDelegate.swift */,
				EE261E37261C7BF800C43BA2 /* LaunchScreen.storyboard */,
				EE261E3A261C7BF800C43BA2 /* Info.plist */,
			);
			path = YProjet;
			sourceTree = "<group>";
		};
/* End PBXGroup section */

/* Begin PBXNativeTarget section */
		EE261E28261C7BF700C43BA2 /* YProjet */ = {
			isa = PBXNativeTarget;
			buildConfigurationList = EE261E3D261C7BF800C43BA2 /* Build configuration list for PBXNativeTarget "YProjet" */;
			buildPhases = (
				DA8965E51E8CA05E3D51E705 /* [CP] Check Pods Manifest.lock */,
				EE261E25261C7BF700C43BA2 /* Sources */,
				EE261E26261C7BF700C43BA2 /* Frameworks */,
				EE261E27261C7BF700C43BA2 /* Resources */,
				5AFB8593382601B596B64F46 /* [CP] Embed Pods Frameworks */,
			);
			buildRules = (
			);
			dependencies = (
			);
			name = YProjet;
			productName = YProjet;
			productReference = EE261E29261C7BF700C43BA2 /* YProjet.app */;
			productType = "com.apple.product-type.application";
		};
/* End PBXNativeTarget section */

/* Begin PBXProject section */
		EE261E21261C7BF700C43BA2 /* Project object */ = {
			isa = PBXProject;
			attributes = {
				LastSwiftUpdateCheck = 1240;
				LastUpgradeCheck = 1240;
				TargetAttributes = {
					EE261E28261C7BF700C43BA2 = {
						CreatedOnToolsVersion = 12.4;
					};
				};
			};
			buildConfigurationList = EE261E24261C7BF700C43BA2 /* Build configuration list for PBXProject "YProjet" */;
			compatibilityVersion = "Xcode 9.3";
			developmentRegion = en;
			hasScannedForEncodings = 0;
			knownRegions = (
				en,
				Base,
			);
			mainGroup = EE261E20261C7BF700C43BA2;
			productRefGroup = EE261E2A261C7BF700C43BA2 /* Products */;
			projectDirPath = "";
			projectRoot = "";
			targets = (
				EE261E28261C7BF700C43BA2 /* YProjet */,
			);
		};
/* End PBXProject section */

/* Begin PBXResourcesBuildPhase section */
		EE261E27261C7BF700C43BA2 /* Resources */ = {
			isa = PBXResourcesBuildPhase;
			buildActionMask = 2147483647;
			files = (
				EE241C62261C84C6002DF800 /* Aeonik-Bold.otf in Resources */,
				EE241C69261C84C6002DF800 /* Aeonik-AirItalic.otf in Resources */,
				8DD7CFCB2652E8E000A0D5C8 /* Settings.storyboard in Resources */,
				8D3DD36A2651789300C68655 /* NavigationView.xib in Resources */,
				8D3DD3652651744F00C68655 /* Localizable.strings in Resources */,
				EE241C68261C84C6002DF800 /* Aeonik-Medium.otf in Resources */,
				EE241C6C261C84C6002DF800 /* Aeonik-BoldItalic.otf in Resources */,
				8D225A7E263D51640050B329 /* MainTabBar.storyboard in Resources */,
				8DD3C8E4264FEB1900BEA8B7 /* Colors.xcassets in Resources */,
				EE241C66261C84C6002DF800 /* Aeonik-Air.otf in Resources */,
				EE241C64261C84C6002DF800 /* Aeonik-Thin.otf in Resources */,
				EE241C63261C84C6002DF800 /* Aeonik-LightItalic.otf in Resources */,
				EE11BFC3261DF3F7005E724D /* CreateWallet.storyboard in Resources */,
				EE261E39261C7BF800C43BA2 /* LaunchScreen.storyboard in Resources */,
				EE241C6E261C84C6002DF800 /* Aeonik-MediumItalic.otf in Resources */,
				EE241C6A261C84C6002DF800 /* Aeonik-Black.otf in Resources */,
				EE241C6D261C84C6002DF800 /* Aeonik-ThinItalic.otf in Resources */,
				EE241C67261C84C6002DF800 /* Aeonik-Light.otf in Resources */,
				EE241C6B261C84C6002DF800 /* Aeonik-Regular.otf in Resources */,
				EE241C65261C84C6002DF800 /* Aeonik-BlackItalic.otf in Resources */,
				EE261E36261C7BF800C43BA2 /* Assets.xcassets in Resources */,
				EE261E34261C7BF700C43BA2 /* Welcome.storyboard in Resources */,
				EE241C61261C84C6002DF800 /* Aeonik-RegularItalic.otf in Resources */,
			);
			runOnlyForDeploymentPostprocessing = 0;
		};
/* End PBXResourcesBuildPhase section */

/* Begin PBXShellScriptBuildPhase section */
		5AFB8593382601B596B64F46 /* [CP] Embed Pods Frameworks */ = {
			isa = PBXShellScriptBuildPhase;
			buildActionMask = 2147483647;
			files = (
			);
			inputFileListPaths = (
				"${PODS_ROOT}/Target Support Files/Pods-YProjet/Pods-YProjet-frameworks-${CONFIGURATION}-input-files.xcfilelist",
			);
			name = "[CP] Embed Pods Frameworks";
			outputFileListPaths = (
				"${PODS_ROOT}/Target Support Files/Pods-YProjet/Pods-YProjet-frameworks-${CONFIGURATION}-output-files.xcfilelist",
			);
			runOnlyForDeploymentPostprocessing = 0;
			shellPath = /bin/sh;
			shellScript = "\"${PODS_ROOT}/Target Support Files/Pods-YProjet/Pods-YProjet-frameworks.sh\"\n";
			showEnvVarsInLog = 0;
		};
		DA8965E51E8CA05E3D51E705 /* [CP] Check Pods Manifest.lock */ = {
			isa = PBXShellScriptBuildPhase;
			buildActionMask = 2147483647;
			files = (
			);
			inputFileListPaths = (
			);
			inputPaths = (
				"${PODS_PODFILE_DIR_PATH}/Podfile.lock",
				"${PODS_ROOT}/Manifest.lock",
			);
			name = "[CP] Check Pods Manifest.lock";
			outputFileListPaths = (
			);
			outputPaths = (
				"$(DERIVED_FILE_DIR)/Pods-YProjet-checkManifestLockResult.txt",
			);
			runOnlyForDeploymentPostprocessing = 0;
			shellPath = /bin/sh;
			shellScript = "diff \"${PODS_PODFILE_DIR_PATH}/Podfile.lock\" \"${PODS_ROOT}/Manifest.lock\" > /dev/null\nif [ $? != 0 ] ; then\n    # print error to STDERR\n    echo \"error: The sandbox is not in sync with the Podfile.lock. Run 'pod install' or update your CocoaPods installation.\" >&2\n    exit 1\nfi\n# This output is used by Xcode 'outputs' to avoid re-running this script phase.\necho \"SUCCESS\" > \"${SCRIPT_OUTPUT_FILE_0}\"\n";
			showEnvVarsInLog = 0;
		};
/* End PBXShellScriptBuildPhase section */

/* Begin PBXSourcesBuildPhase section */
		EE261E25261C7BF700C43BA2 /* Sources */ = {
			isa = PBXSourcesBuildPhase;
			buildActionMask = 2147483647;
			files = (
				EE11BFCD261E0599005E724D /* CollectPhraseViewController.swift in Sources */,
				EE11BFD7261E1755005E724D /* WatchWalletViewController.swift in Sources */,
				8D3DD36D2651789F00C68655 /* NavigationView.swift in Sources */,
				8D225AC5263D5E960050B329 /* Scene.swift in Sources */,
				8DD3C8E1264FEADB00BEA8B7 /* UIColor+StyleGuide.swift in Sources */,
				8DFE7683263DD4AA00EA8E24 /* CreateWalletViewModel.swift in Sources */,
				EE261E44261C811000C43BA2 /* WelcomeViewController.swift in Sources */,
				8D225A80263D51640050B329 /* MainTabBarViewController.swift in Sources */,
				8D84B0DD265300B5009F461C /* SettingsChangeTableViewCell.swift in Sources */,
				8D225AD6263D62D20050B329 /* BaseViewController.swift in Sources */,
				8D225ACC263D5F460050B329 /* BaseViewModel.swift in Sources */,
				8D84B0DA2652FDCE009F461C /* ReusableCell.swift in Sources */,
				8D225A73263D50AF0050B329 /* CoordinableViewModel.swift in Sources */,
				8D225ADC263D63F10050B329 /* HomeTableViewController.swift in Sources */,
				8D225ADF263D642E0050B329 /* BaseTableViewController.swift in Sources */,
				8D84B0E026530229009F461C /* UITableView+extensions.swift in Sources */,
				8D225AB6263D57660050B329 /* HomeCoordinator.swift in Sources */,
				8D225AC2263D5CBF0050B329 /* UIImage+assets.swift in Sources */,
				8DD7CFCE2652E91400A0D5C8 /* SettingsViewController.swift in Sources */,
				8DFE767F263DCEB900EA8E24 /* CreateWalletTableViewCell.swift in Sources */,
				8D225AEC263D69230050B329 /* DataSourceState.swift in Sources */,
				EE261E2D261C7BF700C43BA2 /* AppDelegate.swift in Sources */,
				8D225AEF263D69A20050B329 /* CustomTableViewSection.swift in Sources */,
				8DD7CFD12652E98F00A0D5C8 /* SettingsViewModel.swift in Sources */,
				8DBB200D264DA96E0083614F /* NewWalletViewModel.swift in Sources */,
				EE261E2F261C7BF700C43BA2 /* SceneDelegate.swift in Sources */,
				8D225A99263D558D0050B329 /* WelcomeCoordinator.swift in Sources */,
				8D225A92263D551C0050B329 /* RefreshableTabProtocol.swift in Sources */,
				8DD7CFD42652EBC200A0D5C8 /* SettingsCoordinator.swift in Sources */,
				8D225ABF263D5C730050B329 /* String+extension.swift in Sources */,
				8D225A7F263D51640050B329 /* TabBarCoordinator.swift in Sources */,
				8D225A8E263D54970050B329 /* ScrollableToTop.swift in Sources */,
				8D225A8A263D544E0050B329 /* BaseNavigationController.swift in Sources */,
				EE11BFD0261E0C91005E724D /* ConfirmPhraseViewController.swift in Sources */,
				8D225A6C263D50620050B329 /* AppCoordinator.swift in Sources */,
				8D225AD0263D60370050B329 /* HomeViewController.swift in Sources */,
				8D3DD37026517BCD00C68655 /* UIView+extension.swift in Sources */,
				8D225A75263D50AF0050B329 /* Coordinator.swift in Sources */,
				8DBB2009264DA8D30083614F /* NewWalletCoordinator.swift in Sources */,
				8D225AD3263D60790050B329 /* BindableType.swift in Sources */,
				8D225A74263D50AF0050B329 /* TransitionType.swift in Sources */,
				8D09E3F4264FCF0500B8C839 /* CustomButton.swift in Sources */,
				EE11BFCA261E0382005E724D /* CreateWalletViewController.swift in Sources */,
				8D225AC8263D5F0B0050B329 /* HomeViewModel.swift in Sources */,
				8D225ABB263D5A4C0050B329 /* UIStoryboard+extension.swift in Sources */,
				EE11BFD3261E1486005E724D /* ImportWalletViewController.swift in Sources */,
				8D225AD9263D635F0050B329 /* KeyboardMonitor.swift in Sources */,
				8D225AE5263D67B00050B329 /* WelcomeViewModel.swift in Sources */,
				8D225A96263D557F0050B329 /* CreateWalletCoordinator.swift in Sources */,
				8D225A86263D52CA0050B329 /* StoryboardIdentifiable.swift in Sources */,
				8D225AE2263D65210050B329 /* UINavigationController+extension.swift in Sources */,
			);
			runOnlyForDeploymentPostprocessing = 0;
		};
/* End PBXSourcesBuildPhase section */

/* Begin PBXVariantGroup section */
		EE261E32261C7BF700C43BA2 /* Welcome.storyboard */ = {
			isa = PBXVariantGroup;
			children = (
				EE261E33261C7BF700C43BA2 /* Base */,
			);
			name = Welcome.storyboard;
			sourceTree = "<group>";
		};
		EE261E37261C7BF800C43BA2 /* LaunchScreen.storyboard */ = {
			isa = PBXVariantGroup;
			children = (
				EE261E38261C7BF800C43BA2 /* Base */,
			);
			name = LaunchScreen.storyboard;
			sourceTree = "<group>";
		};
/* End PBXVariantGroup section */

/* Begin XCBuildConfiguration section */
		EE261E3B261C7BF800C43BA2 /* Debug */ = {
			isa = XCBuildConfiguration;
			buildSettings = {
				ALWAYS_SEARCH_USER_PATHS = NO;
				CLANG_ANALYZER_NONNULL = YES;
				CLANG_ANALYZER_NUMBER_OBJECT_CONVERSION = YES_AGGRESSIVE;
				CLANG_CXX_LANGUAGE_STANDARD = "gnu++14";
				CLANG_CXX_LIBRARY = "libc++";
				CLANG_ENABLE_MODULES = YES;
				CLANG_ENABLE_OBJC_ARC = YES;
				CLANG_ENABLE_OBJC_WEAK = YES;
				CLANG_WARN_BLOCK_CAPTURE_AUTORELEASING = YES;
				CLANG_WARN_BOOL_CONVERSION = YES;
				CLANG_WARN_COMMA = YES;
				CLANG_WARN_CONSTANT_CONVERSION = YES;
				CLANG_WARN_DEPRECATED_OBJC_IMPLEMENTATIONS = YES;
				CLANG_WARN_DIRECT_OBJC_ISA_USAGE = YES_ERROR;
				CLANG_WARN_DOCUMENTATION_COMMENTS = YES;
				CLANG_WARN_EMPTY_BODY = YES;
				CLANG_WARN_ENUM_CONVERSION = YES;
				CLANG_WARN_INFINITE_RECURSION = YES;
				CLANG_WARN_INT_CONVERSION = YES;
				CLANG_WARN_NON_LITERAL_NULL_CONVERSION = YES;
				CLANG_WARN_OBJC_IMPLICIT_RETAIN_SELF = YES;
				CLANG_WARN_OBJC_LITERAL_CONVERSION = YES;
				CLANG_WARN_OBJC_ROOT_CLASS = YES_ERROR;
				CLANG_WARN_QUOTED_INCLUDE_IN_FRAMEWORK_HEADER = YES;
				CLANG_WARN_RANGE_LOOP_ANALYSIS = YES;
				CLANG_WARN_STRICT_PROTOTYPES = YES;
				CLANG_WARN_SUSPICIOUS_MOVE = YES;
				CLANG_WARN_UNGUARDED_AVAILABILITY = YES_AGGRESSIVE;
				CLANG_WARN_UNREACHABLE_CODE = YES;
				CLANG_WARN__DUPLICATE_METHOD_MATCH = YES;
				COPY_PHASE_STRIP = NO;
				DEBUG_INFORMATION_FORMAT = dwarf;
				ENABLE_STRICT_OBJC_MSGSEND = YES;
				ENABLE_TESTABILITY = YES;
				GCC_C_LANGUAGE_STANDARD = gnu11;
				GCC_DYNAMIC_NO_PIC = NO;
				GCC_NO_COMMON_BLOCKS = YES;
				GCC_OPTIMIZATION_LEVEL = 0;
				GCC_PREPROCESSOR_DEFINITIONS = (
					"DEBUG=1",
					"$(inherited)",
				);
				GCC_WARN_64_TO_32_BIT_CONVERSION = YES;
				GCC_WARN_ABOUT_RETURN_TYPE = YES_ERROR;
				GCC_WARN_UNDECLARED_SELECTOR = YES;
				GCC_WARN_UNINITIALIZED_AUTOS = YES_AGGRESSIVE;
				GCC_WARN_UNUSED_FUNCTION = YES;
				GCC_WARN_UNUSED_VARIABLE = YES;
				IPHONEOS_DEPLOYMENT_TARGET = 14.4;
				MTL_ENABLE_DEBUG_INFO = INCLUDE_SOURCE;
				MTL_FAST_MATH = YES;
				ONLY_ACTIVE_ARCH = YES;
				SDKROOT = iphoneos;
				SWIFT_ACTIVE_COMPILATION_CONDITIONS = DEBUG;
				SWIFT_OPTIMIZATION_LEVEL = "-Onone";
			};
			name = Debug;
		};
		EE261E3C261C7BF800C43BA2 /* Release */ = {
			isa = XCBuildConfiguration;
			buildSettings = {
				ALWAYS_SEARCH_USER_PATHS = NO;
				CLANG_ANALYZER_NONNULL = YES;
				CLANG_ANALYZER_NUMBER_OBJECT_CONVERSION = YES_AGGRESSIVE;
				CLANG_CXX_LANGUAGE_STANDARD = "gnu++14";
				CLANG_CXX_LIBRARY = "libc++";
				CLANG_ENABLE_MODULES = YES;
				CLANG_ENABLE_OBJC_ARC = YES;
				CLANG_ENABLE_OBJC_WEAK = YES;
				CLANG_WARN_BLOCK_CAPTURE_AUTORELEASING = YES;
				CLANG_WARN_BOOL_CONVERSION = YES;
				CLANG_WARN_COMMA = YES;
				CLANG_WARN_CONSTANT_CONVERSION = YES;
				CLANG_WARN_DEPRECATED_OBJC_IMPLEMENTATIONS = YES;
				CLANG_WARN_DIRECT_OBJC_ISA_USAGE = YES_ERROR;
				CLANG_WARN_DOCUMENTATION_COMMENTS = YES;
				CLANG_WARN_EMPTY_BODY = YES;
				CLANG_WARN_ENUM_CONVERSION = YES;
				CLANG_WARN_INFINITE_RECURSION = YES;
				CLANG_WARN_INT_CONVERSION = YES;
				CLANG_WARN_NON_LITERAL_NULL_CONVERSION = YES;
				CLANG_WARN_OBJC_IMPLICIT_RETAIN_SELF = YES;
				CLANG_WARN_OBJC_LITERAL_CONVERSION = YES;
				CLANG_WARN_OBJC_ROOT_CLASS = YES_ERROR;
				CLANG_WARN_QUOTED_INCLUDE_IN_FRAMEWORK_HEADER = YES;
				CLANG_WARN_RANGE_LOOP_ANALYSIS = YES;
				CLANG_WARN_STRICT_PROTOTYPES = YES;
				CLANG_WARN_SUSPICIOUS_MOVE = YES;
				CLANG_WARN_UNGUARDED_AVAILABILITY = YES_AGGRESSIVE;
				CLANG_WARN_UNREACHABLE_CODE = YES;
				CLANG_WARN__DUPLICATE_METHOD_MATCH = YES;
				COPY_PHASE_STRIP = NO;
				DEBUG_INFORMATION_FORMAT = "dwarf-with-dsym";
				ENABLE_NS_ASSERTIONS = NO;
				ENABLE_STRICT_OBJC_MSGSEND = YES;
				GCC_C_LANGUAGE_STANDARD = gnu11;
				GCC_NO_COMMON_BLOCKS = YES;
				GCC_WARN_64_TO_32_BIT_CONVERSION = YES;
				GCC_WARN_ABOUT_RETURN_TYPE = YES_ERROR;
				GCC_WARN_UNDECLARED_SELECTOR = YES;
				GCC_WARN_UNINITIALIZED_AUTOS = YES_AGGRESSIVE;
				GCC_WARN_UNUSED_FUNCTION = YES;
				GCC_WARN_UNUSED_VARIABLE = YES;
				IPHONEOS_DEPLOYMENT_TARGET = 14.4;
				MTL_ENABLE_DEBUG_INFO = NO;
				MTL_FAST_MATH = YES;
				SDKROOT = iphoneos;
				SWIFT_COMPILATION_MODE = wholemodule;
				SWIFT_OPTIMIZATION_LEVEL = "-O";
				VALIDATE_PRODUCT = YES;
			};
			name = Release;
		};
		EE261E3E261C7BF800C43BA2 /* Debug */ = {
			isa = XCBuildConfiguration;
			baseConfigurationReference = E58EF2BD14C9494175075C59 /* Pods-YProjet.debug.xcconfig */;
			buildSettings = {
				ASSETCATALOG_COMPILER_APPICON_NAME = AppIcon;
				ASSETCATALOG_COMPILER_GLOBAL_ACCENT_COLOR_NAME = AccentColor;
				CODE_SIGN_STYLE = Automatic;
				CURRENT_PROJECT_VERSION = 2;
				DEVELOPMENT_TEAM = SKYG56VM4S;
				INFOPLIST_FILE = YProjet/Info.plist;
				IPHONEOS_DEPLOYMENT_TARGET = 14.1;
				LD_RUNPATH_SEARCH_PATHS = (
					"$(inherited)",
					"@executable_path/Frameworks",
				);
				PRODUCT_BUNDLE_IDENTIFIER = com.kytzu.YProjet;
				PRODUCT_NAME = "$(TARGET_NAME)";
				SWIFT_VERSION = 5.0;
				TARGETED_DEVICE_FAMILY = 1;
			};
			name = Debug;
		};
		EE261E3F261C7BF800C43BA2 /* Release */ = {
			isa = XCBuildConfiguration;
			baseConfigurationReference = EBDED3B427782413690F9437 /* Pods-YProjet.release.xcconfig */;
			buildSettings = {
				ASSETCATALOG_COMPILER_APPICON_NAME = AppIcon;
				ASSETCATALOG_COMPILER_GLOBAL_ACCENT_COLOR_NAME = AccentColor;
				CODE_SIGN_STYLE = Automatic;
				CURRENT_PROJECT_VERSION = 2;
				DEVELOPMENT_TEAM = SKYG56VM4S;
				INFOPLIST_FILE = YProjet/Info.plist;
				IPHONEOS_DEPLOYMENT_TARGET = 14.1;
				LD_RUNPATH_SEARCH_PATHS = (
					"$(inherited)",
					"@executable_path/Frameworks",
				);
				PRODUCT_BUNDLE_IDENTIFIER = com.kytzu.YProjet;
				PRODUCT_NAME = "$(TARGET_NAME)";
				SWIFT_VERSION = 5.0;
				TARGETED_DEVICE_FAMILY = 1;
			};
			name = Release;
		};
/* End XCBuildConfiguration section */

/* Begin XCConfigurationList section */
		EE261E24261C7BF700C43BA2 /* Build configuration list for PBXProject "YProjet" */ = {
			isa = XCConfigurationList;
			buildConfigurations = (
				EE261E3B261C7BF800C43BA2 /* Debug */,
				EE261E3C261C7BF800C43BA2 /* Release */,
			);
			defaultConfigurationIsVisible = 0;
			defaultConfigurationName = Release;
		};
		EE261E3D261C7BF800C43BA2 /* Build configuration list for PBXNativeTarget "YProjet" */ = {
			isa = XCConfigurationList;
			buildConfigurations = (
				EE261E3E261C7BF800C43BA2 /* Debug */,
				EE261E3F261C7BF800C43BA2 /* Release */,
			);
			defaultConfigurationIsVisible = 0;
			defaultConfigurationName = Release;
		};
/* End XCConfigurationList section */
	};
	rootObject = EE261E21261C7BF700C43BA2 /* Project object */;
}
